
Microsoft Visual Studio Solution File, Format Version 12.00
# Visual Studio 15
VisualStudioVersion = 15.0.28010.2003
MinimumVisualStudioVersion = 10.0.40219.1
Project("{FAE04EC0-301F-11D3-BF4B-00C04F79EFBC}") = "TestStandService", "TestStandService\TestStandService.csproj", "{DC683E9A-8C62-41D1-855A-B317EFC15795}"
EndProject
Global
	GlobalSection(SolutionConfigurationPlatforms) = preSolution
		Debug|Any CPU = Debug|Any CPU
		Release|Any CPU = Release|Any CPU
	EndGlobalSection
	GlobalSection(ProjectConfigurationPlatforms) = postSolution
		{DC683E9A-8C62-41D1-855A-B317EFC15795}.Debug|Any CPU.ActiveCfg = Debug|Any CPU
		{DC683E9A-8C62-41D1-855A-B317EFC15795}.Debug|Any CPU.Build.0 = Debug|Any CPU
		{DC683E9A-8C62-41D1-855A-B317EFC15795}.Release|Any CPU.ActiveCfg = Release|Any CPU
		{DC683E9A-8C62-41D1-855A-B317EFC15795}.Release|Any CPU.Build.0 = Release|Any CPU
	EndGlobalSection
	GlobalSection(SolutionProperties) = preSolution
		HideSolutionNode = FALSE
	EndGlobalSection
	GlobalSection(ExtensibilityGlobals) = postSolution
		SolutionGuid = {7F331F82-00F8-41B7-BF68-272A03786D8B}
	EndGlobalSection
EndGlobal
